PODS:
  - MZCoreSDKLibrary (2.1.0)
  - MZDownLoaderSDK (2.1.0):
    - MZCoreSDKLibrary (~> 2.1.0)
  - MZMediaSDK (2.1.0):
    - MZCoreSDKLibrary (~> 2.1.0)
  - MZPlayerSDK (2.1.0):
    - MZCoreSDKLibrary (~> 2.1.0)
  - MZPushFlowSDK (2.1.0):
    - MZCoreSDKLibrary (~> 2.1.0)

DEPENDENCIES:
  - MZCoreSDKLibrary (~> 2.1.0)
  - MZDownLoaderSDK (~> 2.1.0)
  - MZMediaSDK (~> 2.1.0)
  - MZPlayerSDK (~> 2.1.0)
  - MZPushFlowSDK (~> 2.1.0)

SPEC REPOS:
  https://github.com/CocoaPods/Specs.git:
    - MZCoreSDKLibrary
    - MZDownLoaderSDK
    - MZMediaSDK
    - MZPlayerSDK
    - MZPushFlowSDK

SPEC CHECKSUMS:
  MZCoreSDKLibrary: cc534fae7611f8562ebd0f2e76769933f664d8b9
  MZDownLoaderSDK: 0ad235e343aef39642440570ef296c0fd4953527
  MZMediaSDK: e8f3640f13e878e6e423985894dd9cfaec246a57
  MZPlayerSDK: 18efaf4dbd9fbdfc43c5c9f52df0e136ea5dcf2b
  MZPushFlowSDK: 17c1395b3182f30b7929181924584ac5a9260e4d

PODFILE CHECKSUM: e2aab3b503bbdda294f37575f993d53fd001d28f

COCOAPODS: 1.9.0.beta.2
