PODS:
  - MZDownLoaderSDK (1.0.7)
  - MZMediaSDK (1.0.2)

DEPENDENCIES:
  - MZDownLoaderSDK (~> 1.0.7)
  - MZMediaSDK (~> 1.0.2)

SPEC REPOS:
  https://github.com/CocoaPods/Specs.git:
    - MZDownLoaderSDK
    - MZMediaSDK

SPEC CHECKSUMS:
  MZDownLoaderSDK: 993092f4508a95f576f5b296ef8ac816f85c9fda
  MZMediaSDK: 59a8817349e6e7b268a4f6b463ef87236ec0d44a

PODFILE CHECKSUM: ccc4833183db3dd25204beded43f20255ff29942

COCOAPODS: 1.9.0.beta.2
