// !$*UTF8*$!
{
	archiveVersion = 1;
	classes = {
	};
	objectVersion = 50;
	objects = {

/* Begin PBXBuildFile section */
		155B397021774F7C00A7AD9D /* AppDelegate.m in Sources */ = {isa = PBXBuildFile; fileRef = 155B396F21774F7C00A7AD9D /* AppDelegate.m */; };
		155B397321774F7C00A7AD9D /* ViewController.m in Sources */ = {isa = PBXBuildFile; fileRef = 155B397221774F7C00A7AD9D /* ViewController.m */; };
		155B397621774F7C00A7AD9D /* Main.storyboard in Resources */ = {isa = PBXBuildFile; fileRef = 155B397421774F7C00A7AD9D /* Main.storyboard */; };
		155B397821774F7C00A7AD9D /* Assets.xcassets in Resources */ = {isa = PBXBuildFile; fileRef = 155B397721774F7C00A7AD9D /* Assets.xcassets */; };
		155B397B21774F7C00A7AD9D /* LaunchScreen.storyboard in Resources */ = {isa = PBXBuildFile; fileRef = 155B397921774F7C00A7AD9D /* LaunchScreen.storyboard */; };
		155B397E21774F7C00A7AD9D /* main.m in Sources */ = {isa = PBXBuildFile; fileRef = 155B397D21774F7C00A7AD9D /* main.m */; };
		15679A1223549A2A001E6F6E /* MZMediaSDK.framework in Frameworks */ = {isa = PBXBuildFile; fileRef = 15679A1123549A2A001E6F6E /* MZMediaSDK.framework */; };
		15679A1323549A2A001E6F6E /* MZMediaSDK.framework in Embed Frameworks */ = {isa = PBXBuildFile; fileRef = 15679A1123549A2A001E6F6E /* MZMediaSDK.framework */; settings = {ATTRIBUTES = (CodeSignOnCopy, RemoveHeadersOnCopy, ); }; };
		156ED390217F0D290047B6DB /* MZMediaSDK.bundle in Resources */ = {isa = PBXBuildFile; fileRef = 156ED38F217F0D290047B6DB /* MZMediaSDK.bundle */; };
		15F7EC8D237C27A500FB4609 /* PlayerViewController.m in Sources */ = {isa = PBXBuildFile; fileRef = 15F7EC8C237C27A500FB4609 /* PlayerViewController.m */; };
		C07AB9612434B76200A81CC9 /* MZM3U8DownLoaderSDK.framework in Frameworks */ = {isa = PBXBuildFile; fileRef = C07AB9602434B76100A81CC9 /* MZM3U8DownLoaderSDK.framework */; };
		C07AB9622434B76200A81CC9 /* MZM3U8DownLoaderSDK.framework in Embed Frameworks */ = {isa = PBXBuildFile; fileRef = C07AB9602434B76100A81CC9 /* MZM3U8DownLoaderSDK.framework */; settings = {ATTRIBUTES = (CodeSignOnCopy, RemoveHeadersOnCopy, ); }; };
		C07AB9642434B77500A81CC9 /* MZM3U8DownLoaderSDKBundle.bundle in Resources */ = {isa = PBXBuildFile; fileRef = C07AB9632434B77500A81CC9 /* MZM3U8DownLoaderSDKBundle.bundle */; };
		C07AB96A2434B7CB00A81CC9 /* MZM3U8DownLoadViewController.m in Sources */ = {isa = PBXBuildFile; fileRef = C07AB9682434B7CB00A81CC9 /* MZM3U8DownLoadViewController.m */; };
		C07AB96B2434B7CB00A81CC9 /* MZDownLoadCell.m in Sources */ = {isa = PBXBuildFile; fileRef = C07AB9692434B7CB00A81CC9 /* MZDownLoadCell.m */; };
		D0917E4A235458BB0022E7C7 /* MZVerticalPlayerVC.m in Sources */ = {isa = PBXBuildFile; fileRef = D0917E15235458BA0022E7C7 /* MZVerticalPlayerVC.m */; };
		D0917E4B235458BB0022E7C7 /* MZPlayerControlView.m in Sources */ = {isa = PBXBuildFile; fileRef = D0917E19235458BA0022E7C7 /* MZPlayerControlView.m */; };
		D0917E4C235458BB0022E7C7 /* MZAudienceListView.m in Sources */ = {isa = PBXBuildFile; fileRef = D0917E1E235458BA0022E7C7 /* MZAudienceListView.m */; };
		D0917E4D235458BB0022E7C7 /* MZAudienceTableViewCell.m in Sources */ = {isa = PBXBuildFile; fileRef = D0917E21235458BA0022E7C7 /* MZAudienceTableViewCell.m */; };
		D0917E4E235458BB0022E7C7 /* MZAudienceCellModel.m in Sources */ = {isa = PBXBuildFile; fileRef = D0917E22235458BA0022E7C7 /* MZAudienceCellModel.m */; };
		D0917E4F235458BB0022E7C7 /* MZPopView.m in Sources */ = {isa = PBXBuildFile; fileRef = D0917E26235458BA0022E7C7 /* MZPopView.m */; };
		D0917E50235458BB0022E7C7 /* MZLiveAudienceHeaderView.m in Sources */ = {isa = PBXBuildFile; fileRef = D0917E27235458BA0022E7C7 /* MZLiveAudienceHeaderView.m */; };
		D0917E51235458BB0022E7C7 /* MZTopLeftLabel.m in Sources */ = {isa = PBXBuildFile; fileRef = D0917E29235458BA0022E7C7 /* MZTopLeftLabel.m */; };
		D0917E52235458BB0022E7C7 /* MZChatTableViewCell.m in Sources */ = {isa = PBXBuildFile; fileRef = D0917E2B235458BA0022E7C7 /* MZChatTableViewCell.m */; };
		D0917E53235458BB0022E7C7 /* MZMyButton.m in Sources */ = {isa = PBXBuildFile; fileRef = D0917E2C235458BA0022E7C7 /* MZMyButton.m */; };
		D0917E54235458BB0022E7C7 /* MZMessageTextView.m in Sources */ = {isa = PBXBuildFile; fileRef = D0917E2D235458BA0022E7C7 /* MZMessageTextView.m */; };
		D0917E55235458BB0022E7C7 /* MZOnlineTipView.m in Sources */ = {isa = PBXBuildFile; fileRef = D0917E30235458BA0022E7C7 /* MZOnlineTipView.m */; };
		D0917E56235458BB0022E7C7 /* MZChatView.m in Sources */ = {isa = PBXBuildFile; fileRef = D0917E31235458BA0022E7C7 /* MZChatView.m */; };
		D0917E57235458BB0022E7C7 /* MZMessageToolView.m in Sources */ = {isa = PBXBuildFile; fileRef = D0917E37235458BA0022E7C7 /* MZMessageToolView.m */; };
		D0917E58235458BB0022E7C7 /* MZBottomTalkBtn.m in Sources */ = {isa = PBXBuildFile; fileRef = D0917E38235458BA0022E7C7 /* MZBottomTalkBtn.m */; };
		D0917E59235458BB0022E7C7 /* MZHistoryChatView.m in Sources */ = {isa = PBXBuildFile; fileRef = D0917E3A235458BA0022E7C7 /* MZHistoryChatView.m */; };
		D0917E5A235458BB0022E7C7 /* MZCustomTapRecognizer.m in Sources */ = {isa = PBXBuildFile; fileRef = D0917E3C235458BA0022E7C7 /* MZCustomTapRecognizer.m */; };
		D0917E5B235458BB0022E7C7 /* MZLiveManagerHearderView.m in Sources */ = {isa = PBXBuildFile; fileRef = D0917E3F235458BA0022E7C7 /* MZLiveManagerHearderView.m */; };
		D0917E5C235458BB0022E7C7 /* MZBaseView.m in Sources */ = {isa = PBXBuildFile; fileRef = D0917E40235458BA0022E7C7 /* MZBaseView.m */; };
		D0917E5D235458BB0022E7C7 /* MZTipGoodsView.m in Sources */ = {isa = PBXBuildFile; fileRef = D0917E44235458BA0022E7C7 /* MZTipGoodsView.m */; };
		D0917E5E235458BB0022E7C7 /* MZGoodsListView.m in Sources */ = {isa = PBXBuildFile; fileRef = D0917E45235458BA0022E7C7 /* MZGoodsListView.m */; };
		D0917E5F235458BB0022E7C7 /* MZGoodsListTabCell.m in Sources */ = {isa = PBXBuildFile; fileRef = D0917E47235458BA0022E7C7 /* MZGoodsListTabCell.m */; };
		D0917E68235465BC0022E7C7 /* libstdc++.tbd in Frameworks */ = {isa = PBXBuildFile; fileRef = D0917E67235465BC0022E7C7 /* libstdc++.tbd */; };
		D0917E6B2354666F0022E7C7 /* libz.tbd in Frameworks */ = {isa = PBXBuildFile; fileRef = D0917E6A2354666F0022E7C7 /* libz.tbd */; };
		D0917E6E235466830022E7C7 /* libstdc++.6.0.9.tbd in Frameworks */ = {isa = PBXBuildFile; fileRef = D0917E6C235466830022E7C7 /* libstdc++.6.0.9.tbd */; };
		D0917E6F235466830022E7C7 /* libstdc++.6.tbd in Frameworks */ = {isa = PBXBuildFile; fileRef = D0917E6D235466830022E7C7 /* libstdc++.6.tbd */; };
		D0917E70235466930022E7C7 /* libz.1.2.5.tbd in Frameworks */ = {isa = PBXBuildFile; fileRef = 156ED2C6217DC2880047B6DB /* libz.1.2.5.tbd */; };
		D0917E712354669F0022E7C7 /* libbz2.1.0.tbd in Frameworks */ = {isa = PBXBuildFile; fileRef = 156ED2C4217DC2690047B6DB /* libbz2.1.0.tbd */; };
		D0917E72235466AA0022E7C7 /* libbz2.tbd in Frameworks */ = {isa = PBXBuildFile; fileRef = 156ED2C2217DC2400047B6DB /* libbz2.tbd */; };
		D0EDB2E4235749EB006B2E22 /* UIView+MZExtend.m in Sources */ = {isa = PBXBuildFile; fileRef = D0EDB2E3235749EB006B2E22 /* UIView+MZExtend.m */; };
/* End PBXBuildFile section */

/* Begin PBXCopyFilesBuildPhase section */
		15679A1423549A2A001E6F6E /* Embed Frameworks */ = {
			isa = PBXCopyFilesBuildPhase;
			buildActionMask = 2147483647;
			dstPath = "";
			dstSubfolderSpec = 10;
			files = (
				C07AB9622434B76200A81CC9 /* MZM3U8DownLoaderSDK.framework in Embed Frameworks */,
				15679A1323549A2A001E6F6E /* MZMediaSDK.framework in Embed Frameworks */,
			);
			name = "Embed Frameworks";
			runOnlyForDeploymentPostprocessing = 0;
		};
/* End PBXCopyFilesBuildPhase section */

/* Begin PBXFileReference section */
		155B396B21774F7B00A7AD9D /* MZKitSDKDemo.app */ = {isa = PBXFileReference; explicitFileType = wrapper.application; includeInIndex = 0; path = MZKitSDKDemo.app; sourceTree = BUILT_PRODUCTS_DIR; };
		155B396E21774F7B00A7AD9D /* AppDelegate.h */ = {isa = PBXFileReference; lastKnownFileType = sourcecode.c.h; path = AppDelegate.h; sourceTree = "<group>"; };
		155B396F21774F7C00A7AD9D /* AppDelegate.m */ = {isa = PBXFileReference; lastKnownFileType = sourcecode.c.objc; path = AppDelegate.m; sourceTree = "<group>"; };
		155B397121774F7C00A7AD9D /* ViewController.h */ = {isa = PBXFileReference; lastKnownFileType = sourcecode.c.h; path = ViewController.h; sourceTree = "<group>"; };
		155B397221774F7C00A7AD9D /* ViewController.m */ = {isa = PBXFileReference; lastKnownFileType = sourcecode.c.objc; path = ViewController.m; sourceTree = "<group>"; };
		155B397521774F7C00A7AD9D /* Base */ = {isa = PBXFileReference; lastKnownFileType = file.storyboard; name = Base; path = Base.lproj/Main.storyboard; sourceTree = "<group>"; };
		155B397721774F7C00A7AD9D /* Assets.xcassets */ = {isa = PBXFileReference; lastKnownFileType = folder.assetcatalog; path = Assets.xcassets; sourceTree = "<group>"; };
		155B397A21774F7C00A7AD9D /* Base */ = {isa = PBXFileReference; lastKnownFileType = file.storyboard; name = Base; path = Base.lproj/LaunchScreen.storyboard; sourceTree = "<group>"; };
		155B397C21774F7C00A7AD9D /* Info.plist */ = {isa = PBXFileReference; lastKnownFileType = text.plist.xml; path = Info.plist; sourceTree = "<group>"; };
		155B397D21774F7C00A7AD9D /* main.m */ = {isa = PBXFileReference; lastKnownFileType = sourcecode.c.objc; path = main.m; sourceTree = "<group>"; };
		155B3E612178333800A7AD9D /* AssetsLibrary.framework */ = {isa = PBXFileReference; lastKnownFileType = wrapper.framework; name = AssetsLibrary.framework; path = System/Library/Frameworks/AssetsLibrary.framework; sourceTree = SDKROOT; };
		155B3E632178334B00A7AD9D /* CoreMedia.framework */ = {isa = PBXFileReference; lastKnownFileType = wrapper.framework; name = CoreMedia.framework; path = System/Library/Frameworks/CoreMedia.framework; sourceTree = SDKROOT; };
		155B3E652178335600A7AD9D /* CoreVideo.framework */ = {isa = PBXFileReference; lastKnownFileType = wrapper.framework; name = CoreVideo.framework; path = System/Library/Frameworks/CoreVideo.framework; sourceTree = SDKROOT; };
		155B3E672178336700A7AD9D /* OpenGLES.framework */ = {isa = PBXFileReference; lastKnownFileType = wrapper.framework; name = OpenGLES.framework; path = System/Library/Frameworks/OpenGLES.framework; sourceTree = SDKROOT; };
		155B3E692178337A00A7AD9D /* QuartzCore.framework */ = {isa = PBXFileReference; lastKnownFileType = wrapper.framework; name = QuartzCore.framework; path = System/Library/Frameworks/QuartzCore.framework; sourceTree = SDKROOT; };
		155B3E6B2178338800A7AD9D /* AVFoundation.framework */ = {isa = PBXFileReference; lastKnownFileType = wrapper.framework; name = AVFoundation.framework; path = System/Library/Frameworks/AVFoundation.framework; sourceTree = SDKROOT; };
		155B3E6D2178339200A7AD9D /* UIKit.framework */ = {isa = PBXFileReference; lastKnownFileType = wrapper.framework; name = UIKit.framework; path = System/Library/Frameworks/UIKit.framework; sourceTree = SDKROOT; };
		155B3E6F217833A400A7AD9D /* Foundation.framework */ = {isa = PBXFileReference; lastKnownFileType = wrapper.framework; name = Foundation.framework; path = System/Library/Frameworks/Foundation.framework; sourceTree = SDKROOT; };
		15679A1123549A2A001E6F6E /* MZMediaSDK.framework */ = {isa = PBXFileReference; lastKnownFileType = wrapper.framework; path = MZMediaSDK.framework; sourceTree = "<group>"; };
		156ED2C2217DC2400047B6DB /* libbz2.tbd */ = {isa = PBXFileReference; lastKnownFileType = "sourcecode.text-based-dylib-definition"; name = libbz2.tbd; path = usr/lib/libbz2.tbd; sourceTree = SDKROOT; };
		156ED2C4217DC2690047B6DB /* libbz2.1.0.tbd */ = {isa = PBXFileReference; lastKnownFileType = "sourcecode.text-based-dylib-definition"; name = libbz2.1.0.tbd; path = usr/lib/libbz2.1.0.tbd; sourceTree = SDKROOT; };
		156ED2C6217DC2880047B6DB /* libz.1.2.5.tbd */ = {isa = PBXFileReference; lastKnownFileType = "sourcecode.text-based-dylib-definition"; name = libz.1.2.5.tbd; path = usr/lib/libz.1.2.5.tbd; sourceTree = SDKROOT; };
		156ED38F217F0D290047B6DB /* MZMediaSDK.bundle */ = {isa = PBXFileReference; lastKnownFileType = "wrapper.plug-in"; path = MZMediaSDK.bundle; sourceTree = "<group>"; };
		15F7EC8B237C27A400FB4609 /* PlayerViewController.h */ = {isa = PBXFileReference; fileEncoding = 4; lastKnownFileType = sourcecode.c.h; path = PlayerViewController.h; sourceTree = "<group>"; };
		15F7EC8C237C27A500FB4609 /* PlayerViewController.m */ = {isa = PBXFileReference; fileEncoding = 4; lastKnownFileType = sourcecode.c.objc; path = PlayerViewController.m; sourceTree = "<group>"; };
		C07AB9602434B76100A81CC9 /* MZM3U8DownLoaderSDK.framework */ = {isa = PBXFileReference; lastKnownFileType = wrapper.framework; path = MZM3U8DownLoaderSDK.framework; sourceTree = "<group>"; };
		C07AB9632434B77500A81CC9 /* MZM3U8DownLoaderSDKBundle.bundle */ = {isa = PBXFileReference; lastKnownFileType = "wrapper.plug-in"; path = MZM3U8DownLoaderSDKBundle.bundle; sourceTree = "<group>"; };
		C07AB9662434B7CB00A81CC9 /* MZM3U8DownLoadViewController.h */ = {isa = PBXFileReference; fileEncoding = 4; lastKnownFileType = sourcecode.c.h; path = MZM3U8DownLoadViewController.h; sourceTree = "<group>"; };
		C07AB9672434B7CB00A81CC9 /* MZDownLoadCell.h */ = {isa = PBXFileReference; fileEncoding = 4; lastKnownFileType = sourcecode.c.h; path = MZDownLoadCell.h; sourceTree = "<group>"; };
		C07AB9682434B7CB00A81CC9 /* MZM3U8DownLoadViewController.m */ = {isa = PBXFileReference; fileEncoding = 4; lastKnownFileType = sourcecode.c.objc; path = MZM3U8DownLoadViewController.m; sourceTree = "<group>"; };
		C07AB9692434B7CB00A81CC9 /* MZDownLoadCell.m */ = {isa = PBXFileReference; fileEncoding = 4; lastKnownFileType = sourcecode.c.objc; path = MZDownLoadCell.m; sourceTree = "<group>"; };
		D050527A233CEA4B00D7F33C /* MZKitDemoPrefixHeader.pch */ = {isa = PBXFileReference; lastKnownFileType = sourcecode.c.h; path = MZKitDemoPrefixHeader.pch; sourceTree = "<group>"; };
		D0917E15235458BA0022E7C7 /* MZVerticalPlayerVC.m */ = {isa = PBXFileReference; fileEncoding = 4; lastKnownFileType = sourcecode.c.objc; path = MZVerticalPlayerVC.m; sourceTree = "<group>"; };
		D0917E18235458BA0022E7C7 /* MZPlayerControlView.h */ = {isa = PBXFileReference; fileEncoding = 4; lastKnownFileType = sourcecode.c.h; path = MZPlayerControlView.h; sourceTree = "<group>"; };
		D0917E19235458BA0022E7C7 /* MZPlayerControlView.m */ = {isa = PBXFileReference; fileEncoding = 4; lastKnownFileType = sourcecode.c.objc; path = MZPlayerControlView.m; sourceTree = "<group>"; };
		D0917E1A235458BA0022E7C7 /* MZLiveAudienceHeaderView.h */ = {isa = PBXFileReference; fileEncoding = 4; lastKnownFileType = sourcecode.c.h; path = MZLiveAudienceHeaderView.h; sourceTree = "<group>"; };
		D0917E1B235458BA0022E7C7 /* MZLiveManagerHearderView.h */ = {isa = PBXFileReference; fileEncoding = 4; lastKnownFileType = sourcecode.c.h; path = MZLiveManagerHearderView.h; sourceTree = "<group>"; };
		D0917E1D235458BA0022E7C7 /* MZAudienceTableViewCell.h */ = {isa = PBXFileReference; fileEncoding = 4; lastKnownFileType = sourcecode.c.h; path = MZAudienceTableViewCell.h; sourceTree = "<group>"; };
		D0917E1E235458BA0022E7C7 /* MZAudienceListView.m */ = {isa = PBXFileReference; fileEncoding = 4; lastKnownFileType = sourcecode.c.objc; path = MZAudienceListView.m; sourceTree = "<group>"; };
		D0917E1F235458BA0022E7C7 /* MZAudienceCellModel.h */ = {isa = PBXFileReference; fileEncoding = 4; lastKnownFileType = sourcecode.c.h; path = MZAudienceCellModel.h; sourceTree = "<group>"; };
		D0917E20235458BA0022E7C7 /* MZAudienceListView.h */ = {isa = PBXFileReference; fileEncoding = 4; lastKnownFileType = sourcecode.c.h; path = MZAudienceListView.h; sourceTree = "<group>"; };
		D0917E21235458BA0022E7C7 /* MZAudienceTableViewCell.m */ = {isa = PBXFileReference; fileEncoding = 4; lastKnownFileType = sourcecode.c.objc; path = MZAudienceTableViewCell.m; sourceTree = "<group>"; };
		D0917E22235458BA0022E7C7 /* MZAudienceCellModel.m */ = {isa = PBXFileReference; fileEncoding = 4; lastKnownFileType = sourcecode.c.objc; path = MZAudienceCellModel.m; sourceTree = "<group>"; };
		D0917E23235458BA0022E7C7 /* MZBaseView.h */ = {isa = PBXFileReference; fileEncoding = 4; lastKnownFileType = sourcecode.c.h; path = MZBaseView.h; sourceTree = "<group>"; };
		D0917E25235458BA0022E7C7 /* MZPopView.h */ = {isa = PBXFileReference; fileEncoding = 4; lastKnownFileType = sourcecode.c.h; path = MZPopView.h; sourceTree = "<group>"; };
		D0917E26235458BA0022E7C7 /* MZPopView.m */ = {isa = PBXFileReference; fileEncoding = 4; lastKnownFileType = sourcecode.c.objc; path = MZPopView.m; sourceTree = "<group>"; };
		D0917E27235458BA0022E7C7 /* MZLiveAudienceHeaderView.m */ = {isa = PBXFileReference; fileEncoding = 4; lastKnownFileType = sourcecode.c.objc; path = MZLiveAudienceHeaderView.m; sourceTree = "<group>"; };
		D0917E29235458BA0022E7C7 /* MZTopLeftLabel.m */ = {isa = PBXFileReference; fileEncoding = 4; lastKnownFileType = sourcecode.c.objc; path = MZTopLeftLabel.m; sourceTree = "<group>"; };
		D0917E2B235458BA0022E7C7 /* MZChatTableViewCell.m */ = {isa = PBXFileReference; fileEncoding = 4; lastKnownFileType = sourcecode.c.objc; path = MZChatTableViewCell.m; sourceTree = "<group>"; };
		D0917E2C235458BA0022E7C7 /* MZMyButton.m */ = {isa = PBXFileReference; fileEncoding = 4; lastKnownFileType = sourcecode.c.objc; path = MZMyButton.m; sourceTree = "<group>"; };
		D0917E2D235458BA0022E7C7 /* MZMessageTextView.m */ = {isa = PBXFileReference; fileEncoding = 4; lastKnownFileType = sourcecode.c.objc; path = MZMessageTextView.m; sourceTree = "<group>"; };
		D0917E2E235458BA0022E7C7 /* MZMessageToolView.h */ = {isa = PBXFileReference; fileEncoding = 4; lastKnownFileType = sourcecode.c.h; path = MZMessageToolView.h; sourceTree = "<group>"; };
		D0917E2F235458BA0022E7C7 /* MZBottomTalkBtn.h */ = {isa = PBXFileReference; fileEncoding = 4; lastKnownFileType = sourcecode.c.h; path = MZBottomTalkBtn.h; sourceTree = "<group>"; };
		D0917E30235458BA0022E7C7 /* MZOnlineTipView.m */ = {isa = PBXFileReference; fileEncoding = 4; lastKnownFileType = sourcecode.c.objc; path = MZOnlineTipView.m; sourceTree = "<group>"; };
		D0917E31235458BA0022E7C7 /* MZChatView.m */ = {isa = PBXFileReference; fileEncoding = 4; lastKnownFileType = sourcecode.c.objc; path = MZChatView.m; sourceTree = "<group>"; };
		D0917E32235458BA0022E7C7 /* MZHistoryChatView.h */ = {isa = PBXFileReference; fileEncoding = 4; lastKnownFileType = sourcecode.c.h; path = MZHistoryChatView.h; sourceTree = "<group>"; };
		D0917E33235458BA0022E7C7 /* MZMessageTextView.h */ = {isa = PBXFileReference; fileEncoding = 4; lastKnownFileType = sourcecode.c.h; path = MZMessageTextView.h; sourceTree = "<group>"; };
		D0917E34235458BA0022E7C7 /* MZMyButton.h */ = {isa = PBXFileReference; fileEncoding = 4; lastKnownFileType = sourcecode.c.h; path = MZMyButton.h; sourceTree = "<group>"; };
		D0917E35235458BA0022E7C7 /* MZChatTableViewCell.h */ = {isa = PBXFileReference; fileEncoding = 4; lastKnownFileType = sourcecode.c.h; path = MZChatTableViewCell.h; sourceTree = "<group>"; };
		D0917E36235458BA0022E7C7 /* MZOnlineTipView.h */ = {isa = PBXFileReference; fileEncoding = 4; lastKnownFileType = sourcecode.c.h; path = MZOnlineTipView.h; sourceTree = "<group>"; };
		D0917E37235458BA0022E7C7 /* MZMessageToolView.m */ = {isa = PBXFileReference; fileEncoding = 4; lastKnownFileType = sourcecode.c.objc; path = MZMessageToolView.m; sourceTree = "<group>"; };
		D0917E38235458BA0022E7C7 /* MZBottomTalkBtn.m */ = {isa = PBXFileReference; fileEncoding = 4; lastKnownFileType = sourcecode.c.objc; path = MZBottomTalkBtn.m; sourceTree = "<group>"; };
		D0917E39235458BA0022E7C7 /* MZChatView.h */ = {isa = PBXFileReference; fileEncoding = 4; lastKnownFileType = sourcecode.c.h; path = MZChatView.h; sourceTree = "<group>"; };
		D0917E3A235458BA0022E7C7 /* MZHistoryChatView.m */ = {isa = PBXFileReference; fileEncoding = 4; lastKnownFileType = sourcecode.c.objc; path = MZHistoryChatView.m; sourceTree = "<group>"; };
		D0917E3C235458BA0022E7C7 /* MZCustomTapRecognizer.m */ = {isa = PBXFileReference; fileEncoding = 4; lastKnownFileType = sourcecode.c.objc; path = MZCustomTapRecognizer.m; sourceTree = "<group>"; };
		D0917E3D235458BA0022E7C7 /* MZCustomTapRecognizer.h */ = {isa = PBXFileReference; fileEncoding = 4; lastKnownFileType = sourcecode.c.h; path = MZCustomTapRecognizer.h; sourceTree = "<group>"; };
		D0917E3E235458BA0022E7C7 /* MZTopLeftLabel.h */ = {isa = PBXFileReference; fileEncoding = 4; lastKnownFileType = sourcecode.c.h; path = MZTopLeftLabel.h; sourceTree = "<group>"; };
		D0917E3F235458BA0022E7C7 /* MZLiveManagerHearderView.m */ = {isa = PBXFileReference; fileEncoding = 4; lastKnownFileType = sourcecode.c.objc; path = MZLiveManagerHearderView.m; sourceTree = "<group>"; };
		D0917E40235458BA0022E7C7 /* MZBaseView.m */ = {isa = PBXFileReference; fileEncoding = 4; lastKnownFileType = sourcecode.c.objc; path = MZBaseView.m; sourceTree = "<group>"; };
		D0917E42235458BA0022E7C7 /* MZGoodsListView.h */ = {isa = PBXFileReference; fileEncoding = 4; lastKnownFileType = sourcecode.c.h; path = MZGoodsListView.h; sourceTree = "<group>"; };
		D0917E43235458BA0022E7C7 /* MZGoodsListTabCell.h */ = {isa = PBXFileReference; fileEncoding = 4; lastKnownFileType = sourcecode.c.h; path = MZGoodsListTabCell.h; sourceTree = "<group>"; };
		D0917E44235458BA0022E7C7 /* MZTipGoodsView.m */ = {isa = PBXFileReference; fileEncoding = 4; lastKnownFileType = sourcecode.c.objc; path = MZTipGoodsView.m; sourceTree = "<group>"; };
		D0917E45235458BA0022E7C7 /* MZGoodsListView.m */ = {isa = PBXFileReference; fileEncoding = 4; lastKnownFileType = sourcecode.c.objc; path = MZGoodsListView.m; sourceTree = "<group>"; };
		D0917E46235458BA0022E7C7 /* MZTipGoodsView.h */ = {isa = PBXFileReference; fileEncoding = 4; lastKnownFileType = sourcecode.c.h; path = MZTipGoodsView.h; sourceTree = "<group>"; };
		D0917E47235458BA0022E7C7 /* MZGoodsListTabCell.m */ = {isa = PBXFileReference; fileEncoding = 4; lastKnownFileType = sourcecode.c.objc; path = MZGoodsListTabCell.m; sourceTree = "<group>"; };
		D0917E48235458BB0022E7C7 /* MZDimenComment.h */ = {isa = PBXFileReference; fileEncoding = 4; lastKnownFileType = sourcecode.c.h; path = MZDimenComment.h; sourceTree = "<group>"; };
		D0917E49235458BB0022E7C7 /* MZVerticalPlayerVC.h */ = {isa = PBXFileReference; fileEncoding = 4; lastKnownFileType = sourcecode.c.h; path = MZVerticalPlayerVC.h; sourceTree = "<group>"; };
		D0917E67235465BC0022E7C7 /* libstdc++.tbd */ = {isa = PBXFileReference; lastKnownFileType = "sourcecode.text-based-dylib-definition"; name = "libstdc++.tbd"; path = "usr/lib/libstdc++.tbd"; sourceTree = SDKROOT; };
		D0917E6A2354666F0022E7C7 /* libz.tbd */ = {isa = PBXFileReference; lastKnownFileType = "sourcecode.text-based-dylib-definition"; name = libz.tbd; path = usr/lib/libz.tbd; sourceTree = SDKROOT; };
		D0917E6C235466830022E7C7 /* libstdc++.6.0.9.tbd */ = {isa = PBXFileReference; lastKnownFileType = "sourcecode.text-based-dylib-definition"; name = "libstdc++.6.0.9.tbd"; path = "usr/lib/libstdc++.6.0.9.tbd"; sourceTree = SDKROOT; };
		D0917E6D235466830022E7C7 /* libstdc++.6.tbd */ = {isa = PBXFileReference; lastKnownFileType = "sourcecode.text-based-dylib-definition"; name = "libstdc++.6.tbd"; path = "usr/lib/libstdc++.6.tbd"; sourceTree = SDKROOT; };
		D0EDB2E2235749EB006B2E22 /* UIView+MZExtend.h */ = {isa = PBXFileReference; fileEncoding = 4; lastKnownFileType = sourcecode.c.h; path = "UIView+MZExtend.h"; sourceTree = "<group>"; };
		D0EDB2E3235749EB006B2E22 /* UIView+MZExtend.m */ = {isa = PBXFileReference; fileEncoding = 4; lastKnownFileType = sourcecode.c.objc; path = "UIView+MZExtend.m"; sourceTree = "<group>"; };
/* End PBXFileReference section */

/* Begin PBXFrameworksBuildPhase section */
		155B396821774F7B00A7AD9D /* Frameworks */ = {
			isa = PBXFrameworksBuildPhase;
			buildActionMask = 2147483647;
			files = (
				D0917E72235466AA0022E7C7 /* libbz2.tbd in Frameworks */,
				15679A1223549A2A001E6F6E /* MZMediaSDK.framework in Frameworks */,
				D0917E712354669F0022E7C7 /* libbz2.1.0.tbd in Frameworks */,
				D0917E70235466930022E7C7 /* libz.1.2.5.tbd in Frameworks */,
				D0917E6E235466830022E7C7 /* libstdc++.6.0.9.tbd in Frameworks */,
				D0917E6F235466830022E7C7 /* libstdc++.6.tbd in Frameworks */,
				D0917E6B2354666F0022E7C7 /* libz.tbd in Frameworks */,
				C07AB9612434B76200A81CC9 /* MZM3U8DownLoaderSDK.framework in Frameworks */,
				D0917E68235465BC0022E7C7 /* libstdc++.tbd in Frameworks */,
			);
			runOnlyForDeploymentPostprocessing = 0;
		};
/* End PBXFrameworksBuildPhase section */

/* Begin PBXGroup section */
		155B396221774F7B00A7AD9D = {
			isa = PBXGroup;
			children = (
				155B396D21774F7B00A7AD9D /* MZKitDemo */,
				155B396C21774F7B00A7AD9D /* Products */,
				155B3E602178333700A7AD9D /* Frameworks */,
			);
			sourceTree = "<group>";
		};
		155B396C21774F7B00A7AD9D /* Products */ = {
			isa = PBXGroup;
			children = (
				155B396B21774F7B00A7AD9D /* MZKitSDKDemo.app */,
			);
			name = Products;
			sourceTree = "<group>";
		};
		155B396D21774F7B00A7AD9D /* MZKitDemo */ = {
			isa = PBXGroup;
			children = (
				C07AB9652434B7CB00A81CC9 /* DownLoad */,
				15F7EC8B237C27A400FB4609 /* PlayerViewController.h */,
				15F7EC8C237C27A500FB4609 /* PlayerViewController.m */,
				155B396E21774F7B00A7AD9D /* AppDelegate.h */,
				155B396F21774F7C00A7AD9D /* AppDelegate.m */,
				155B397721774F7C00A7AD9D /* Assets.xcassets */,
				155B397C21774F7C00A7AD9D /* Info.plist */,
				155B397921774F7C00A7AD9D /* LaunchScreen.storyboard */,
				D0917E16235458BA0022E7C7 /* layout */,
				155B397D21774F7C00A7AD9D /* main.m */,
				155B397421774F7C00A7AD9D /* Main.storyboard */,
				D0917E48235458BB0022E7C7 /* MZDimenComment.h */,
				D050527A233CEA4B00D7F33C /* MZKitDemoPrefixHeader.pch */,
				D0917E49235458BB0022E7C7 /* MZVerticalPlayerVC.h */,
				D0917E15235458BA0022E7C7 /* MZVerticalPlayerVC.m */,
				155B397121774F7C00A7AD9D /* ViewController.h */,
				155B397221774F7C00A7AD9D /* ViewController.m */,
			);
			path = MZKitDemo;
			sourceTree = "<group>";
		};
		155B3E602178333700A7AD9D /* Frameworks */ = {
			isa = PBXGroup;
			children = (
				C07AB9632434B77500A81CC9 /* MZM3U8DownLoaderSDKBundle.bundle */,
				C07AB9602434B76100A81CC9 /* MZM3U8DownLoaderSDK.framework */,
				15679A1123549A2A001E6F6E /* MZMediaSDK.framework */,
				D0917E6C235466830022E7C7 /* libstdc++.6.0.9.tbd */,
				D0917E6D235466830022E7C7 /* libstdc++.6.tbd */,
				D0917E6A2354666F0022E7C7 /* libz.tbd */,
				D0917E67235465BC0022E7C7 /* libstdc++.tbd */,
				156ED38F217F0D290047B6DB /* MZMediaSDK.bundle */,
				156ED2C6217DC2880047B6DB /* libz.1.2.5.tbd */,
				156ED2C4217DC2690047B6DB /* libbz2.1.0.tbd */,
				156ED2C2217DC2400047B6DB /* libbz2.tbd */,
				155B3E6F217833A400A7AD9D /* Foundation.framework */,
				155B3E6D2178339200A7AD9D /* UIKit.framework */,
				155B3E6B2178338800A7AD9D /* AVFoundation.framework */,
				155B3E692178337A00A7AD9D /* QuartzCore.framework */,
				155B3E672178336700A7AD9D /* OpenGLES.framework */,
				155B3E652178335600A7AD9D /* CoreVideo.framework */,
				155B3E632178334B00A7AD9D /* CoreMedia.framework */,
				155B3E612178333800A7AD9D /* AssetsLibrary.framework */,
			);
			name = Frameworks;
			sourceTree = "<group>";
		};
		C07AB9652434B7CB00A81CC9 /* DownLoad */ = {
			isa = PBXGroup;
			children = (
				C07AB9662434B7CB00A81CC9 /* MZM3U8DownLoadViewController.h */,
				C07AB9682434B7CB00A81CC9 /* MZM3U8DownLoadViewController.m */,
				C07AB9672434B7CB00A81CC9 /* MZDownLoadCell.h */,
				C07AB9692434B7CB00A81CC9 /* MZDownLoadCell.m */,
			);
			path = DownLoad;
			sourceTree = "<group>";
		};
		D0917E16235458BA0022E7C7 /* layout */ = {
			isa = PBXGroup;
			children = (
				D0917E1C235458BA0022E7C7 /* MZAudienceListView */,
				D0917E23235458BA0022E7C7 /* MZBaseView.h */,
				D0917E40235458BA0022E7C7 /* MZBaseView.m */,
				D0917E28235458BA0022E7C7 /* MZChatView */,
				D0917E41235458BA0022E7C7 /* MZGoodsListView */,
				D0917E1A235458BA0022E7C7 /* MZLiveAudienceHeaderView.h */,
				D0917E27235458BA0022E7C7 /* MZLiveAudienceHeaderView.m */,
				D0917E1B235458BA0022E7C7 /* MZLiveManagerHearderView.h */,
				D0917E3F235458BA0022E7C7 /* MZLiveManagerHearderView.m */,
				D0917E17235458BA0022E7C7 /* playerControlView */,
				D0917E24235458BA0022E7C7 /* popView */,
				D0EDB2E2235749EB006B2E22 /* UIView+MZExtend.h */,
				D0EDB2E3235749EB006B2E22 /* UIView+MZExtend.m */,
			);
			path = layout;
			sourceTree = "<group>";
		};
		D0917E17235458BA0022E7C7 /* playerControlView */ = {
			isa = PBXGroup;
			children = (
				D0917E18235458BA0022E7C7 /* MZPlayerControlView.h */,
				D0917E19235458BA0022E7C7 /* MZPlayerControlView.m */,
			);
			path = playerControlView;
			sourceTree = "<group>";
		};
		D0917E1C235458BA0022E7C7 /* MZAudienceListView */ = {
			isa = PBXGroup;
			children = (
				D0917E1D235458BA0022E7C7 /* MZAudienceTableViewCell.h */,
				D0917E1E235458BA0022E7C7 /* MZAudienceListView.m */,
				D0917E1F235458BA0022E7C7 /* MZAudienceCellModel.h */,
				D0917E20235458BA0022E7C7 /* MZAudienceListView.h */,
				D0917E21235458BA0022E7C7 /* MZAudienceTableViewCell.m */,
				D0917E22235458BA0022E7C7 /* MZAudienceCellModel.m */,
			);
			path = MZAudienceListView;
			sourceTree = "<group>";
		};
		D0917E24235458BA0022E7C7 /* popView */ = {
			isa = PBXGroup;
			children = (
				D0917E25235458BA0022E7C7 /* MZPopView.h */,
				D0917E26235458BA0022E7C7 /* MZPopView.m */,
			);
			path = popView;
			sourceTree = "<group>";
		};
		D0917E28235458BA0022E7C7 /* MZChatView */ = {
			isa = PBXGroup;
			children = (
				D0917E29235458BA0022E7C7 /* MZTopLeftLabel.m */,
				D0917E2A235458BA0022E7C7 /* layout */,
				D0917E3B235458BA0022E7C7 /* model */,
				D0917E3E235458BA0022E7C7 /* MZTopLeftLabel.h */,
			);
			path = MZChatView;
			sourceTree = "<group>";
		};
		D0917E2A235458BA0022E7C7 /* layout */ = {
			isa = PBXGroup;
			children = (
				D0917E2B235458BA0022E7C7 /* MZChatTableViewCell.m */,
				D0917E2C235458BA0022E7C7 /* MZMyButton.m */,
				D0917E2D235458BA0022E7C7 /* MZMessageTextView.m */,
				D0917E2E235458BA0022E7C7 /* MZMessageToolView.h */,
				D0917E2F235458BA0022E7C7 /* MZBottomTalkBtn.h */,
				D0917E30235458BA0022E7C7 /* MZOnlineTipView.m */,
				D0917E31235458BA0022E7C7 /* MZChatView.m */,
				D0917E32235458BA0022E7C7 /* MZHistoryChatView.h */,
				D0917E33235458BA0022E7C7 /* MZMessageTextView.h */,
				D0917E34235458BA0022E7C7 /* MZMyButton.h */,
				D0917E35235458BA0022E7C7 /* MZChatTableViewCell.h */,
				D0917E36235458BA0022E7C7 /* MZOnlineTipView.h */,
				D0917E37235458BA0022E7C7 /* MZMessageToolView.m */,
				D0917E38235458BA0022E7C7 /* MZBottomTalkBtn.m */,
				D0917E39235458BA0022E7C7 /* MZChatView.h */,
				D0917E3A235458BA0022E7C7 /* MZHistoryChatView.m */,
			);
			path = layout;
			sourceTree = "<group>";
		};
		D0917E3B235458BA0022E7C7 /* model */ = {
			isa = PBXGroup;
			children = (
				D0917E3C235458BA0022E7C7 /* MZCustomTapRecognizer.m */,
				D0917E3D235458BA0022E7C7 /* MZCustomTapRecognizer.h */,
			);
			path = model;
			sourceTree = "<group>";
		};
		D0917E41235458BA0022E7C7 /* MZGoodsListView */ = {
			isa = PBXGroup;
			children = (
				D0917E42235458BA0022E7C7 /* MZGoodsListView.h */,
				D0917E43235458BA0022E7C7 /* MZGoodsListTabCell.h */,
				D0917E44235458BA0022E7C7 /* MZTipGoodsView.m */,
				D0917E45235458BA0022E7C7 /* MZGoodsListView.m */,
				D0917E46235458BA0022E7C7 /* MZTipGoodsView.h */,
				D0917E47235458BA0022E7C7 /* MZGoodsListTabCell.m */,
			);
			path = MZGoodsListView;
			sourceTree = "<group>";
		};
/* End PBXGroup section */

/* Begin PBXNativeTarget section */
		155B396A21774F7B00A7AD9D /* MZKitDemo */ = {
			isa = PBXNativeTarget;
			buildConfigurationList = 155B398121774F7C00A7AD9D /* Build configuration list for PBXNativeTarget "MZKitDemo" */;
			buildPhases = (
				155B396721774F7B00A7AD9D /* Sources */,
				155B396821774F7B00A7AD9D /* Frameworks */,
				155B396921774F7B00A7AD9D /* Resources */,
				15679A1423549A2A001E6F6E /* Embed Frameworks */,
			);
			buildRules = (
			);
			dependencies = (
			);
			name = MZKitDemo;
			productName = MZKitDemo;
			productReference = 155B396B21774F7B00A7AD9D /* MZKitSDKDemo.app */;
			productType = "com.apple.product-type.application";
		};
/* End PBXNativeTarget section */

/* Begin PBXProject section */
		155B396321774F7B00A7AD9D /* Project object */ = {
			isa = PBXProject;
			attributes = {
				CLASSPREFIX = MZ;
				LastUpgradeCheck = 1000;
				ORGANIZATIONNAME = mengzhu.com;
				TargetAttributes = {
					155B396A21774F7B00A7AD9D = {
						CreatedOnToolsVersion = 10.0;
					};
				};
			};
			buildConfigurationList = 155B396621774F7B00A7AD9D /* Build configuration list for PBXProject "MZPlayKitSDK" */;
			compatibilityVersion = "Xcode 9.3";
			developmentRegion = en;
			hasScannedForEncodings = 0;
			knownRegions = (
				en,
				Base,
			);
			mainGroup = 155B396221774F7B00A7AD9D;
			productRefGroup = 155B396C21774F7B00A7AD9D /* Products */;
			projectDirPath = "";
			projectRoot = "";
			targets = (
				155B396A21774F7B00A7AD9D /* MZKitDemo */,
			);
		};
/* End PBXProject section */

/* Begin PBXResourcesBuildPhase section */
		155B396921774F7B00A7AD9D /* Resources */ = {
			isa = PBXResourcesBuildPhase;
			buildActionMask = 2147483647;
			files = (
				C07AB9642434B77500A81CC9 /* MZM3U8DownLoaderSDKBundle.bundle in Resources */,
				155B397B21774F7C00A7AD9D /* LaunchScreen.storyboard in Resources */,
				155B397821774F7C00A7AD9D /* Assets.xcassets in Resources */,
				155B397621774F7C00A7AD9D /* Main.storyboard in Resources */,
				156ED390217F0D290047B6DB /* MZMediaSDK.bundle in Resources */,
			);
			runOnlyForDeploymentPostprocessing = 0;
		};
/* End PBXResourcesBuildPhase section */

/* Begin PBXSourcesBuildPhase section */
		155B396721774F7B00A7AD9D /* Sources */ = {
			isa = PBXSourcesBuildPhase;
			buildActionMask = 2147483647;
			files = (
				D0917E4B235458BB0022E7C7 /* MZPlayerControlView.m in Sources */,
				D0917E4D235458BB0022E7C7 /* MZAudienceTableViewCell.m in Sources */,
				C07AB96B2434B7CB00A81CC9 /* MZDownLoadCell.m in Sources */,
				D0917E52235458BB0022E7C7 /* MZChatTableViewCell.m in Sources */,
				D0917E59235458BB0022E7C7 /* MZHistoryChatView.m in Sources */,
				C07AB96A2434B7CB00A81CC9 /* MZM3U8DownLoadViewController.m in Sources */,
				D0917E4F235458BB0022E7C7 /* MZPopView.m in Sources */,
				D0917E5A235458BB0022E7C7 /* MZCustomTapRecognizer.m in Sources */,
				155B397321774F7C00A7AD9D /* ViewController.m in Sources */,
				D0917E55235458BB0022E7C7 /* MZOnlineTipView.m in Sources */,
				15F7EC8D237C27A500FB4609 /* PlayerViewController.m in Sources */,
				155B397E21774F7C00A7AD9D /* main.m in Sources */,
				D0917E54235458BB0022E7C7 /* MZMessageTextView.m in Sources */,
				D0917E4A235458BB0022E7C7 /* MZVerticalPlayerVC.m in Sources */,
				D0917E56235458BB0022E7C7 /* MZChatView.m in Sources */,
				D0917E53235458BB0022E7C7 /* MZMyButton.m in Sources */,
				D0917E5F235458BB0022E7C7 /* MZGoodsListTabCell.m in Sources */,
				D0917E5D235458BB0022E7C7 /* MZTipGoodsView.m in Sources */,
				D0917E50235458BB0022E7C7 /* MZLiveAudienceHeaderView.m in Sources */,
				D0917E51235458BB0022E7C7 /* MZTopLeftLabel.m in Sources */,
				155B397021774F7C00A7AD9D /* AppDelegate.m in Sources */,
				D0917E5C235458BB0022E7C7 /* MZBaseView.m in Sources */,
				D0917E5B235458BB0022E7C7 /* MZLiveManagerHearderView.m in Sources */,
				D0917E57235458BB0022E7C7 /* MZMessageToolView.m in Sources */,
				D0EDB2E4235749EB006B2E22 /* UIView+MZExtend.m in Sources */,
				D0917E4E235458BB0022E7C7 /* MZAudienceCellModel.m in Sources */,
				D0917E58235458BB0022E7C7 /* MZBottomTalkBtn.m in Sources */,
				D0917E5E235458BB0022E7C7 /* MZGoodsListView.m in Sources */,
				D0917E4C235458BB0022E7C7 /* MZAudienceListView.m in Sources */,
			);
			runOnlyForDeploymentPostprocessing = 0;
		};
/* End PBXSourcesBuildPhase section */

/* Begin PBXVariantGroup section */
		155B397421774F7C00A7AD9D /* Main.storyboard */ = {
			isa = PBXVariantGroup;
			children = (
				155B397521774F7C00A7AD9D /* Base */,
			);
			name = Main.storyboard;
			sourceTree = "<group>";
		};
		155B397921774F7C00A7AD9D /* LaunchScreen.storyboard */ = {
			isa = PBXVariantGroup;
			children = (
				155B397A21774F7C00A7AD9D /* Base */,
			);
			name = LaunchScreen.storyboard;
			sourceTree = "<group>";
		};
/* End PBXVariantGroup section */

/* Begin XCBuildConfiguration section */
		155B397F21774F7C00A7AD9D /* Debug */ = {
			isa = XCBuildConfiguration;
			buildSettings = {
				ALWAYS_SEARCH_USER_PATHS = NO;
				CLANG_ANALYZER_NONNULL = YES;
				CLANG_ANALYZER_NUMBER_OBJECT_CONVERSION = YES_AGGRESSIVE;
				CLANG_CXX_LANGUAGE_STANDARD = "gnu++14";
				CLANG_CXX_LIBRARY = "libc++";
				CLANG_ENABLE_MODULES = YES;
				CLANG_ENABLE_OBJC_ARC = YES;
				CLANG_ENABLE_OBJC_WEAK = YES;
				CLANG_WARN_BLOCK_CAPTURE_AUTORELEASING = YES;
				CLANG_WARN_BOOL_CONVERSION = YES;
				CLANG_WARN_COMMA = YES;
				CLANG_WARN_CONSTANT_CONVERSION = YES;
				CLANG_WARN_DEPRECATED_OBJC_IMPLEMENTATIONS = YES;
				CLANG_WARN_DIRECT_OBJC_ISA_USAGE = YES_ERROR;
				CLANG_WARN_DOCUMENTATION_COMMENTS = YES;
				CLANG_WARN_EMPTY_BODY = YES;
				CLANG_WARN_ENUM_CONVERSION = YES;
				CLANG_WARN_INFINITE_RECURSION = YES;
				CLANG_WARN_INT_CONVERSION = YES;
				CLANG_WARN_NON_LITERAL_NULL_CONVERSION = YES;
				CLANG_WARN_OBJC_IMPLICIT_RETAIN_SELF = YES;
				CLANG_WARN_OBJC_LITERAL_CONVERSION = YES;
				CLANG_WARN_OBJC_ROOT_CLASS = YES_ERROR;
				CLANG_WARN_RANGE_LOOP_ANALYSIS = YES;
				CLANG_WARN_STRICT_PROTOTYPES = YES;
				CLANG_WARN_SUSPICIOUS_MOVE = YES;
				CLANG_WARN_UNGUARDED_AVAILABILITY = YES_AGGRESSIVE;
				CLANG_WARN_UNREACHABLE_CODE = YES;
				CLANG_WARN__DUPLICATE_METHOD_MATCH = YES;
				CODE_SIGN_IDENTITY = "iPhone Developer";
				COPY_PHASE_STRIP = NO;
				DEBUG_INFORMATION_FORMAT = dwarf;
				ENABLE_STRICT_OBJC_MSGSEND = YES;
				ENABLE_TESTABILITY = YES;
				GCC_C_LANGUAGE_STANDARD = gnu11;
				GCC_DYNAMIC_NO_PIC = NO;
				GCC_NO_COMMON_BLOCKS = YES;
				GCC_OPTIMIZATION_LEVEL = 0;
				GCC_PREPROCESSOR_DEFINITIONS = (
					"DEBUG=1",
					"$(inherited)",
				);
				GCC_WARN_64_TO_32_BIT_CONVERSION = YES;
				GCC_WARN_ABOUT_RETURN_TYPE = YES_ERROR;
				GCC_WARN_UNDECLARED_SELECTOR = YES;
				GCC_WARN_UNINITIALIZED_AUTOS = YES_AGGRESSIVE;
				GCC_WARN_UNUSED_FUNCTION = YES;
				GCC_WARN_UNUSED_VARIABLE = YES;
				IPHONEOS_DEPLOYMENT_TARGET = 12.0;
				MTL_ENABLE_DEBUG_INFO = INCLUDE_SOURCE;
				MTL_FAST_MATH = YES;
				ONLY_ACTIVE_ARCH = YES;
				SDKROOT = iphoneos;
			};
			name = Debug;
		};
		155B398021774F7C00A7AD9D /* Release */ = {
			isa = XCBuildConfiguration;
			buildSettings = {
				ALWAYS_SEARCH_USER_PATHS = NO;
				CLANG_ANALYZER_NONNULL = YES;
				CLANG_ANALYZER_NUMBER_OBJECT_CONVERSION = YES_AGGRESSIVE;
				CLANG_CXX_LANGUAGE_STANDARD = "gnu++14";
				CLANG_CXX_LIBRARY = "libc++";
				CLANG_ENABLE_MODULES = YES;
				CLANG_ENABLE_OBJC_ARC = YES;
				CLANG_ENABLE_OBJC_WEAK = YES;
				CLANG_WARN_BLOCK_CAPTURE_AUTORELEASING = YES;
				CLANG_WARN_BOOL_CONVERSION = YES;
				CLANG_WARN_COMMA = YES;
				CLANG_WARN_CONSTANT_CONVERSION = YES;
				CLANG_WARN_DEPRECATED_OBJC_IMPLEMENTATIONS = YES;
				CLANG_WARN_DIRECT_OBJC_ISA_USAGE = YES_ERROR;
				CLANG_WARN_DOCUMENTATION_COMMENTS = YES;
				CLANG_WARN_EMPTY_BODY = YES;
				CLANG_WARN_ENUM_CONVERSION = YES;
				CLANG_WARN_INFINITE_RECURSION = YES;
				CLANG_WARN_INT_CONVERSION = YES;
				CLANG_WARN_NON_LITERAL_NULL_CONVERSION = YES;
				CLANG_WARN_OBJC_IMPLICIT_RETAIN_SELF = YES;
				CLANG_WARN_OBJC_LITERAL_CONVERSION = YES;
				CLANG_WARN_OBJC_ROOT_CLASS = YES_ERROR;
				CLANG_WARN_RANGE_LOOP_ANALYSIS = YES;
				CLANG_WARN_STRICT_PROTOTYPES = YES;
				CLANG_WARN_SUSPICIOUS_MOVE = YES;
				CLANG_WARN_UNGUARDED_AVAILABILITY = YES_AGGRESSIVE;
				CLANG_WARN_UNREACHABLE_CODE = YES;
				CLANG_WARN__DUPLICATE_METHOD_MATCH = YES;
				CODE_SIGN_IDENTITY = "iPhone Developer";
				COPY_PHASE_STRIP = NO;
				DEBUG_INFORMATION_FORMAT = "dwarf-with-dsym";
				ENABLE_NS_ASSERTIONS = NO;
				ENABLE_STRICT_OBJC_MSGSEND = YES;
				GCC_C_LANGUAGE_STANDARD = gnu11;
				GCC_NO_COMMON_BLOCKS = YES;
				GCC_WARN_64_TO_32_BIT_CONVERSION = YES;
				GCC_WARN_ABOUT_RETURN_TYPE = YES_ERROR;
				GCC_WARN_UNDECLARED_SELECTOR = YES;
				GCC_WARN_UNINITIALIZED_AUTOS = YES_AGGRESSIVE;
				GCC_WARN_UNUSED_FUNCTION = YES;
				GCC_WARN_UNUSED_VARIABLE = YES;
				IPHONEOS_DEPLOYMENT_TARGET = 12.0;
				MTL_ENABLE_DEBUG_INFO = NO;
				MTL_FAST_MATH = YES;
				SDKROOT = iphoneos;
				VALIDATE_PRODUCT = YES;
			};
			name = Release;
		};
		155B398221774F7C00A7AD9D /* Debug */ = {
			isa = XCBuildConfiguration;
			buildSettings = {
				ASSETCATALOG_COMPILER_APPICON_NAME = AppIcon;
				CODE_SIGN_IDENTITY = "iPhone Developer";
				CODE_SIGN_STYLE = Automatic;
				DEVELOPMENT_ASSET_PATHS = "";
				DEVELOPMENT_TEAM = 9E78V92FYD;
				ENABLE_BITCODE = NO;
				FRAMEWORK_SEARCH_PATHS = (
					"$(inherited)",
					"$(PROJECT_DIR)/MZKitDemo",
					"$(PROJECT_DIR)",
				);
				GCC_PRECOMPILE_PREFIX_HEADER = YES;
				GCC_PREFIX_HEADER = $SRCROOT/MZKitDemo/MZKitDemoPrefixHeader.pch;
				INFOPLIST_FILE = MZKitDemo/Info.plist;
				IPHONEOS_DEPLOYMENT_TARGET = 9.0;
				LD_RUNPATH_SEARCH_PATHS = (
					"$(inherited)",
					"@executable_path/Frameworks",
				);
				MACH_O_TYPE = mh_execute;
				OTHER_LDFLAGS = (
					"-all_load",
					"$(inherited)",
					"-ObjC",
				);
				PRODUCT_BUNDLE_IDENTIFIER = com.mengzhu.play.kit.demo;
				PRODUCT_NAME = MZKitSDKDemo;
				PROVISIONING_PROFILE_SPECIFIER = "";
				TARGETED_DEVICE_FAMILY = "1,2";
				VALID_ARCHS = "arm64 arm64e armv7s";
			};
			name = Debug;
		};
		155B398321774F7C00A7AD9D /* Release */ = {
			isa = XCBuildConfiguration;
			buildSettings = {
				ASSETCATALOG_COMPILER_APPICON_NAME = AppIcon;
				CODE_SIGN_IDENTITY = "iPhone Developer";
				CODE_SIGN_STYLE = Automatic;
				DEVELOPMENT_ASSET_PATHS = "";
				DEVELOPMENT_TEAM = 9E78V92FYD;
				ENABLE_BITCODE = NO;
				FRAMEWORK_SEARCH_PATHS = (
					"$(inherited)",
					"$(PROJECT_DIR)/MZKitDemo",
					"$(PROJECT_DIR)",
				);
				GCC_PRECOMPILE_PREFIX_HEADER = YES;
				GCC_PREFIX_HEADER = $SRCROOT/MZKitDemo/MZKitDemoPrefixHeader.pch;
				INFOPLIST_FILE = MZKitDemo/Info.plist;
				IPHONEOS_DEPLOYMENT_TARGET = 9.0;
				LD_RUNPATH_SEARCH_PATHS = (
					"$(inherited)",
					"@executable_path/Frameworks",
				);
				MACH_O_TYPE = mh_execute;
				OTHER_LDFLAGS = (
					"-all_load",
					"$(inherited)",
					"-ObjC",
				);
				PRODUCT_BUNDLE_IDENTIFIER = com.mengzhu.play.kit.demo;
				PRODUCT_NAME = MZKitSDKDemo;
				PROVISIONING_PROFILE_SPECIFIER = "";
				TARGETED_DEVICE_FAMILY = "1,2";
				VALID_ARCHS = "arm64 arm64e armv7s";
			};
			name = Release;
		};
/* End XCBuildConfiguration section */

/* Begin XCConfigurationList section */
		155B396621774F7B00A7AD9D /* Build configuration list for PBXProject "MZPlayKitSDK" */ = {
			isa = XCConfigurationList;
			buildConfigurations = (
				155B397F21774F7C00A7AD9D /* Debug */,
				155B398021774F7C00A7AD9D /* Release */,
			);
			defaultConfigurationIsVisible = 0;
			defaultConfigurationName = Release;
		};
		155B398121774F7C00A7AD9D /* Build configuration list for PBXNativeTarget "MZKitDemo" */ = {
			isa = XCConfigurationList;
			buildConfigurations = (
				155B398221774F7C00A7AD9D /* Debug */,
				155B398321774F7C00A7AD9D /* Release */,
			);
			defaultConfigurationIsVisible = 0;
			defaultConfigurationName = Release;
		};
/* End XCConfigurationList section */
	};
	rootObject = 155B396321774F7B00A7AD9D /* Project object */;
}
